
Microsoft Visual Studio Solution File, Format Version 12.00
Project("{FAE04EC0-301F-11D3-BF4B-00C04F79EFBC}") = "ZadanieDodatkowe", "ZadanieDodatkowe.csproj", "{575E74E7-170C-4FF0-A9B9-5DCA649F57DD}"
EndProject
Global
	GlobalSection(SolutionConfigurationPlatforms) = preSolution
		Debug|Any CPU = Debug|Any CPU
		Release|Any CPU = Release|Any CPU
	EndGlobalSection
	GlobalSection(ProjectConfigurationPlatforms) = postSolution
		{575E74E7-170C-4FF0-A9B9-5DCA649F57DD}.Debug|Any CPU.ActiveCfg = Debug|Any CPU
		{575E74E7-170C-4FF0-A9B9-5DCA649F57DD}.Debug|Any CPU.Build.0 = Debug|Any CPU
		{575E74E7-170C-4FF0-A9B9-5DCA649F57DD}.Release|Any CPU.ActiveCfg = Release|Any CPU
		{575E74E7-170C-4FF0-A9B9-5DCA649F57DD}.Release|Any CPU.Build.0 = Release|Any CPU
	EndGlobalSection
EndGlobal
